
Microsoft Visual Studio Solution File, Format Version 12.00
# Visual Studio Version 17
VisualStudioVersion = 17.0.32112.339
MinimumVisualStudioVersion = 10.0.40219.1
Project("{FAE04EC0-301F-11D3-BF4B-00C04F79EFBC}") = "Addition", "Addition\Addition.csproj", "{680EAE63-D316-4693-A53D-5E61C7E6AC5E}"
EndProject
Global
	GlobalSection(SolutionConfigurationPlatforms) = preSolution
		Debug|Any CPU = Debug|Any CPU
		Release|Any CPU = Release|Any CPU
	EndGlobalSection
	GlobalSection(ProjectConfigurationPlatforms) = postSolution
		{680EAE63-D316-4693-A53D-5E61C7E6AC5E}.Debug|Any CPU.ActiveCfg = Debug|Any CPU
		{680EAE63-D316-4693-A53D-5E61C7E6AC5E}.Debug|Any CPU.Build.0 = Debug|Any CPU
		{680EAE63-D316-4693-A53D-5E61C7E6AC5E}.Release|Any CPU.ActiveCfg = Release|Any CPU
		{680EAE63-D316-4693-A53D-5E61C7E6AC5E}.Release|Any CPU.Build.0 = Release|Any CPU
	EndGlobalSection
	GlobalSection(SolutionProperties) = preSolution
		HideSolutionNode = FALSE
	EndGlobalSection
	GlobalSection(ExtensibilityGlobals) = postSolution
		SolutionGuid = {4E8C47E0-715E-44CC-92C3-D0967C0EF39F}
	EndGlobalSection
EndGlobal
