
Microsoft Visual Studio Solution File, Format Version 12.00
# Visual Studio Version 17
VisualStudioVersion = 17.0.32112.339
MinimumVisualStudioVersion = 10.0.40219.1
Project("{FAE04EC0-301F-11D3-BF4B-00C04F79EFBC}") = "MeanMatch", "MeanMatch\MeanMatch.csproj", "{E368F76D-90CA-4549-AB52-EE91B31CB58E}"
EndProject
Global
	GlobalSection(SolutionConfigurationPlatforms) = preSolution
		Debug|Any CPU = Debug|Any CPU
		Release|Any CPU = Release|Any CPU
	EndGlobalSection
	GlobalSection(ProjectConfigurationPlatforms) = postSolution
		{E368F76D-90CA-4549-AB52-EE91B31CB58E}.Debug|Any CPU.ActiveCfg = Debug|Any CPU
		{E368F76D-90CA-4549-AB52-EE91B31CB58E}.Debug|Any CPU.Build.0 = Debug|Any CPU
		{E368F76D-90CA-4549-AB52-EE91B31CB58E}.Release|Any CPU.ActiveCfg = Release|Any CPU
		{E368F76D-90CA-4549-AB52-EE91B31CB58E}.Release|Any CPU.Build.0 = Release|Any CPU
	EndGlobalSection
	GlobalSection(SolutionProperties) = preSolution
		HideSolutionNode = FALSE
	EndGlobalSection
	GlobalSection(ExtensibilityGlobals) = postSolution
		SolutionGuid = {38384C8B-F9CA-431A-BCAA-B27CF1FAF2AE}
	EndGlobalSection
EndGlobal
